// !$*UTF8*$!
{
	archiveVersion = 1;
	classes = {
	};
	objectVersion = 46;
	objects = {

/* Begin PBXBuildFile section */
		660981741B608A1A0052CDB3 /* AppDelegate.swift in Sources */ = {isa = PBXBuildFile; fileRef = 660981731B608A1A0052CDB3 /* AppDelegate.swift */; };
		660981761B608A1A0052CDB3 /* GameScene.sks in Resources */ = {isa = PBXBuildFile; fileRef = 660981751B608A1A0052CDB3 /* GameScene.sks */; };
		660981781B608A1A0052CDB3 /* GameScene.swift in Sources */ = {isa = PBXBuildFile; fileRef = 660981771B608A1A0052CDB3 /* GameScene.swift */; };
		6609817A1B608A1A0052CDB3 /* GameViewController.swift in Sources */ = {isa = PBXBuildFile; fileRef = 660981791B608A1A0052CDB3 /* GameViewController.swift */; };
		6609817D1B608A1A0052CDB3 /* Main.storyboard in Resources */ = {isa = PBXBuildFile; fileRef = 6609817B1B608A1A0052CDB3 /* Main.storyboard */; };
		6609817F1B608A1B0052CDB3 /* Assets.xcassets in Resources */ = {isa = PBXBuildFile; fileRef = 6609817E1B608A1B0052CDB3 /* Assets.xcassets */; };
		660981821B608A1B0052CDB3 /* LaunchScreen.storyboard in Resources */ = {isa = PBXBuildFile; fileRef = 660981801B608A1B0052CDB3 /* LaunchScreen.storyboard */; };
		6609818D1B608A1B0052CDB3 /* Flappy_BirdTests.swift in Sources */ = {isa = PBXBuildFile; fileRef = 6609818C1B608A1B0052CDB3 /* Flappy_BirdTests.swift */; };
		660981981B608A1B0052CDB3 /* Flappy_BirdUITests.swift in Sources */ = {isa = PBXBuildFile; fileRef = 660981971B608A1B0052CDB3 /* Flappy_BirdUITests.swift */; };
/* End PBXBuildFile section */

/* Begin PBXContainerItemProxy section */
		660981891B608A1B0052CDB3 /* PBXContainerItemProxy */ = {
			isa = PBXContainerItemProxy;
			containerPortal = 660981681B608A1A0052CDB3 /* Project object */;
			proxyType = 1;
			remoteGlobalIDString = 6609816F1B608A1A0052CDB3;
			remoteInfo = "Flappy Bird";
		};
		660981941B608A1B0052CDB3 /* PBXContainerItemProxy */ = {
			isa = PBXContainerItemProxy;
			containerPortal = 660981681B608A1A0052CDB3 /* Project object */;
			proxyType = 1;
			remoteGlobalIDString = 6609816F1B608A1A0052CDB3;
			remoteInfo = "Flappy Bird";
		};
/* End PBXContainerItemProxy section */

/* Begin PBXFileReference section */
		660981701B608A1A0052CDB3 /* Flappy Bird.app */ = {isa = PBXFileReference; explicitFileType = wrapper.application; includeInIndex = 0; path = "Flappy Bird.app"; sourceTree = BUILT_PRODUCTS_DIR; };
		660981731B608A1A0052CDB3 /* AppDelegate.swift */ = {isa = PBXFileReference; lastKnownFileType = sourcecode.swift; path = AppDelegate.swift; sourceTree = "<group>"; };
		660981751B608A1A0052CDB3 /* GameScene.sks */ = {isa = PBXFileReference; lastKnownFileType = file.sks; path = GameScene.sks; sourceTree = "<group>"; };
		660981771B608A1A0052CDB3 /* GameScene.swift */ = {isa = PBXFileReference; lastKnownFileType = sourcecode.swift; path = GameScene.swift; sourceTree = "<group>"; };
		660981791B608A1A0052CDB3 /* GameViewController.swift */ = {isa = PBXFileReference; lastKnownFileType = sourcecode.swift; path = GameViewController.swift; sourceTree = "<group>"; };
		6609817C1B608A1A0052CDB3 /* Base */ = {isa = PBXFileReference; lastKnownFileType = file.storyboard; name = Base; path = Base.lproj/Main.storyboard; sourceTree = "<group>"; };
		6609817E1B608A1B0052CDB3 /* Assets.xcassets */ = {isa = PBXFileReference; lastKnownFileType = folder.assetcatalog; path = Assets.xcassets; sourceTree = "<group>"; };
		660981811B608A1B0052CDB3 /* Base */ = {isa = PBXFileReference; lastKnownFileType = file.storyboard; name = Base; path = Base.lproj/LaunchScreen.storyboard; sourceTree = "<group>"; };
		660981831B608A1B0052CDB3 /* Info.plist */ = {isa = PBXFileReference; lastKnownFileType = text.plist.xml; path = Info.plist; sourceTree = "<group>"; };
		660981881B608A1B0052CDB3 /* Flappy BirdTests.xctest */ = {isa = PBXFileReference; explicitFileType = wrapper.cfbundle; includeInIndex = 0; path = "Flappy BirdTests.xctest"; sourceTree = BUILT_PRODUCTS_DIR; };
		6609818C1B608A1B0052CDB3 /* Flappy_BirdTests.swift */ = {isa = PBXFileReference; lastKnownFileType = sourcecode.swift; path = Flappy_BirdTests.swift; sourceTree = "<group>"; };
		6609818E1B608A1B0052CDB3 /* Info.plist */ = {isa = PBXFileReference; lastKnownFileType = text.plist.xml; path = Info.plist; sourceTree = "<group>"; };
		660981931B608A1B0052CDB3 /* Flappy BirdUITests.xctest */ = {isa = PBXFileReference; explicitFileType = wrapper.cfbundle; includeInIndex = 0; path = "Flappy BirdUITests.xctest"; sourceTree = BUILT_PRODUCTS_DIR; };
		660981971B608A1B0052CDB3 /* Flappy_BirdUITests.swift */ = {isa = PBXFileReference; lastKnownFileType = sourcecode.swift; path = Flappy_BirdUITests.swift; sourceTree = "<group>"; };
		660981991B608A1B0052CDB3 /* Info.plist */ = {isa = PBXFileReference; lastKnownFileType = text.plist.xml; path = Info.plist; sourceTree = "<group>"; };
/* End PBXFileReference section */

/* Begin PBXFrameworksBuildPhase section */
		6609816D1B608A1A0052CDB3 /* Frameworks */ = {
			isa = PBXFrameworksBuildPhase;
			buildActionMask = 2147483647;
			files = (
			);
			runOnlyForDeploymentPostprocessing = 0;
		};
		660981851B608A1B0052CDB3 /* Frameworks */ = {
			isa = PBXFrameworksBuildPhase;
			buildActionMask = 2147483647;
			files = (
			);
			runOnlyForDeploymentPostprocessing = 0;
		};
		660981901B608A1B0052CDB3 /* Frameworks */ = {
			isa = PBXFrameworksBuildPhase;
			buildActionMask = 2147483647;
			files = (
			);
			runOnlyForDeploymentPostprocessing = 0;
		};
/* End PBXFrameworksBuildPhase section */

/* Begin PBXGroup section */
		660981671B608A1A0052CDB3 = {
			isa = PBXGroup;
			children = (
				660981721B608A1A0052CDB3 /* Flappy Bird */,
				6609818B1B608A1B0052CDB3 /* Flappy BirdTests */,
				660981961B608A1B0052CDB3 /* Flappy BirdUITests */,
				660981711B608A1A0052CDB3 /* Products */,
			);
			sourceTree = "<group>";
		};
		660981711B608A1A0052CDB3 /* Products */ = {
			isa = PBXGroup;
			children = (
				660981701B608A1A0052CDB3 /* Flappy Bird.app */,
				660981881B608A1B0052CDB3 /* Flappy BirdTests.xctest */,
				660981931B608A1B0052CDB3 /* Flappy BirdUITests.xctest */,
			);
			name = Products;
			sourceTree = "<group>";
		};
		660981721B608A1A0052CDB3 /* Flappy Bird */ = {
			isa = PBXGroup;
			children = (
				660981731B608A1A0052CDB3 /* AppDelegate.swift */,
				660981751B608A1A0052CDB3 /* GameScene.sks */,
				660981771B608A1A0052CDB3 /* GameScene.swift */,
				660981791B608A1A0052CDB3 /* GameViewController.swift */,
				6609817B1B608A1A0052CDB3 /* Main.storyboard */,
				6609817E1B608A1B0052CDB3 /* Assets.xcassets */,
				660981801B608A1B0052CDB3 /* LaunchScreen.storyboard */,
				660981831B608A1B0052CDB3 /* Info.plist */,
			);
			path = "Flappy Bird";
			sourceTree = "<group>";
		};
		6609818B1B608A1B0052CDB3 /* Flappy BirdTests */ = {
			isa = PBXGroup;
			children = (
				6609818C1B608A1B0052CDB3 /* Flappy_BirdTests.swift */,
				6609818E1B608A1B0052CDB3 /* Info.plist */,
			);
			path = "Flappy BirdTests";
			sourceTree = "<group>";
		};
		660981961B608A1B0052CDB3 /* Flappy BirdUITests */ = {
			isa = PBXGroup;
			children = (
				660981971B608A1B0052CDB3 /* Flappy_BirdUITests.swift */,
				660981991B608A1B0052CDB3 /* Info.plist */,
			);
			path = "Flappy BirdUITests";
			sourceTree = "<group>";
		};
/* End PBXGroup section */

/* Begin PBXNativeTarget section */
		6609816F1B608A1A0052CDB3 /* Flappy Bird */ = {
			isa = PBXNativeTarget;
			buildConfigurationList = 6609819C1B608A1B0052CDB3 /* Build configuration list for PBXNativeTarget "Flappy Bird" */;
			buildPhases = (
				6609816C1B608A1A0052CDB3 /* Sources */,
				6609816D1B608A1A0052CDB3 /* Frameworks */,
				6609816E1B608A1A0052CDB3 /* Resources */,
			);
			buildRules = (
			);
			dependencies = (
			);
			name = "Flappy Bird";
			productName = "Flappy Bird";
			productReference = 660981701B608A1A0052CDB3 /* Flappy Bird.app */;
			productType = "com.apple.product-type.application";
		};
		660981871B608A1B0052CDB3 /* Flappy BirdTests */ = {
			isa = PBXNativeTarget;
			buildConfigurationList = 6609819F1B608A1B0052CDB3 /* Build configuration list for PBXNativeTarget "Flappy BirdTests" */;
			buildPhases = (
				660981841B608A1B0052CDB3 /* Sources */,
				660981851B608A1B0052CDB3 /* Frameworks */,
				660981861B608A1B0052CDB3 /* Resources */,
			);
			buildRules = (
			);
			dependencies = (
				6609818A1B608A1B0052CDB3 /* PBXTargetDependency */,
			);
			name = "Flappy BirdTests";
			productName = "Flappy BirdTests";
			productReference = 660981881B608A1B0052CDB3 /* Flappy BirdTests.xctest */;
			productType = "com.apple.product-type.bundle.unit-test";
		};
		660981921B608A1B0052CDB3 /* Flappy BirdUITests */ = {
			isa = PBXNativeTarget;
			buildConfigurationList = 660981A21B608A1B0052CDB3 /* Build configuration list for PBXNativeTarget "Flappy BirdUITests" */;
			buildPhases = (
				6609818F1B608A1B0052CDB3 /* Sources */,
				660981901B608A1B0052CDB3 /* Frameworks */,
				660981911B608A1B0052CDB3 /* Resources */,
			);
			buildRules = (
			);
			dependencies = (
				660981951B608A1B0052CDB3 /* PBXTargetDependency */,
			);
			name = "Flappy BirdUITests";
			productName = "Flappy BirdUITests";
			productReference = 660981931B608A1B0052CDB3 /* Flappy BirdUITests.xctest */;
			productType = "com.apple.product-type.bundle.ui-testing";
		};
/* End PBXNativeTarget section */

/* Begin PBXProject section */
		660981681B608A1A0052CDB3 /* Project object */ = {
			isa = PBXProject;
			attributes = {
				LastUpgradeCheck = 0700;
				ORGANIZATIONNAME = "Shaowei Zhang";
				TargetAttributes = {
					6609816F1B608A1A0052CDB3 = {
						CreatedOnToolsVersion = 7.0;
					};
					660981871B608A1B0052CDB3 = {
						CreatedOnToolsVersion = 7.0;
						TestTargetID = 6609816F1B608A1A0052CDB3;
					};
					660981921B608A1B0052CDB3 = {
						CreatedOnToolsVersion = 7.0;
						TestTargetID = 6609816F1B608A1A0052CDB3;
					};
				};
			};
			buildConfigurationList = 6609816B1B608A1A0052CDB3 /* Build configuration list for PBXProject "Flappy Bird" */;
			compatibilityVersion = "Xcode 3.2";
			developmentRegion = English;
			hasScannedForEncodings = 0;
			knownRegions = (
				en,
				Base,
			);
			mainGroup = 660981671B608A1A0052CDB3;
			productRefGroup = 660981711B608A1A0052CDB3 /* Products */;
			projectDirPath = "";
			projectRoot = "";
			targets = (
				6609816F1B608A1A0052CDB3 /* Flappy Bird */,
				660981871B608A1B0052CDB3 /* Flappy BirdTests */,
				660981921B608A1B0052CDB3 /* Flappy BirdUITests */,
			);
		};
/* End PBXProject section */

/* Begin PBXResourcesBuildPhase section */
		6609816E1B608A1A0052CDB3 /* Resources */ = {
			isa = PBXResourcesBuildPhase;
			buildActionMask = 2147483647;
			files = (
				660981761B608A1A0052CDB3 /* GameScene.sks in Resources */,
				660981821B608A1B0052CDB3 /* LaunchScreen.storyboard in Resources */,
				6609817F1B608A1B0052CDB3 /* Assets.xcassets in Resources */,
				6609817D1B608A1A0052CDB3 /* Main.storyboard in Resources */,
			);
			runOnlyForDeploymentPostprocessing = 0;
		};
		660981861B608A1B0052CDB3 /* Resources */ = {
			isa = PBXResourcesBuildPhase;
			buildActionMask = 2147483647;
			files = (
			);
			runOnlyForDeploymentPostprocessing = 0;
		};
		660981911B608A1B0052CDB3 /* Resources */ = {
			isa = PBXResourcesBuildPhase;
			buildActionMask = 2147483647;
			files = (
			);
			runOnlyForDeploymentPostprocessing = 0;
		};
/* End PBXResourcesBuildPhase section */

/* Begin PBXSourcesBuildPhase section */
		6609816C1B608A1A0052CDB3 /* Sources */ = {
			isa = PBXSourcesBuildPhase;
			buildActionMask = 2147483647;
			files = (
				660981781B608A1A0052CDB3 /* GameScene.swift in Sources */,
				6609817A1B608A1A0052CDB3 /* GameViewController.swift in Sources */,
				660981741B608A1A0052CDB3 /* AppDelegate.swift in Sources */,
			);
			runOnlyForDeploymentPostprocessing = 0;
		};
		660981841B608A1B0052CDB3 /* Sources */ = {
			isa = PBXSourcesBuildPhase;
			buildActionMask = 2147483647;
			files = (
				6609818D1B608A1B0052CDB3 /* Flappy_BirdTests.swift in Sources */,
			);
			runOnlyForDeploymentPostprocessing = 0;
		};
		6609818F1B608A1B0052CDB3 /* Sources */ = {
			isa = PBXSourcesBuildPhase;
			buildActionMask = 2147483647;
			files = (
				660981981B608A1B0052CDB3 /* Flappy_BirdUITests.swift in Sources */,
			);
			runOnlyForDeploymentPostprocessing = 0;
		};
/* End PBXSourcesBuildPhase section */

/* Begin PBXTargetDependency section */
		6609818A1B608A1B0052CDB3 /* PBXTargetDependency */ = {
			isa = PBXTargetDependency;
			target = 6609816F1B608A1A0052CDB3 /* Flappy Bird */;
			targetProxy = 660981891B608A1B0052CDB3 /* PBXContainerItemProxy */;
		};
		660981951B608A1B0052CDB3 /* PBXTargetDependency */ = {
			isa = PBXTargetDependency;
			target = 6609816F1B608A1A0052CDB3 /* Flappy Bird */;
			targetProxy = 660981941B608A1B0052CDB3 /* PBXContainerItemProxy */;
		};
/* End PBXTargetDependency section */

/* Begin PBXVariantGroup section */
		6609817B1B608A1A0052CDB3 /* Main.storyboard */ = {
			isa = PBXVariantGroup;
			children = (
				6609817C1B608A1A0052CDB3 /* Base */,
			);
			name = Main.storyboard;
			sourceTree = "<group>";
		};
		660981801B608A1B0052CDB3 /* LaunchScreen.storyboard */ = {
			isa = PBXVariantGroup;
			children = (
				660981811B608A1B0052CDB3 /* Base */,
			);
			name = LaunchScreen.storyboard;
			sourceTree = "<group>";
		};
/* End PBXVariantGroup section */

/* Begin XCBuildConfiguration section */
		6609819A1B608A1B0052CDB3 /* Debug */ = {
			isa = XCBuildConfiguration;
			buildSettings = {
				ALWAYS_SEARCH_USER_PATHS = NO;
				CLANG_CXX_LANGUAGE_STANDARD = "gnu++0x";
				CLANG_CXX_LIBRARY = "libc++";
				CLANG_ENABLE_MODULES = YES;
				CLANG_ENABLE_OBJC_ARC = YES;
				CLANG_WARN_BOOL_CONVERSION = YES;
				CLANG_WARN_CONSTANT_CONVERSION = YES;
				CLANG_WARN_DIRECT_OBJC_ISA_USAGE = YES_ERROR;
				CLANG_WARN_EMPTY_BODY = YES;
				CLANG_WARN_ENUM_CONVERSION = YES;
				CLANG_WARN_INT_CONVERSION = YES;
				CLANG_WARN_OBJC_ROOT_CLASS = YES_ERROR;
				CLANG_WARN_UNREACHABLE_CODE = YES;
				CLANG_WARN__DUPLICATE_METHOD_MATCH = YES;
				"CODE_SIGN_IDENTITY[sdk=iphoneos*]" = "iPhone Developer";
				COPY_PHASE_STRIP = NO;
				DEBUG_INFORMATION_FORMAT = dwarf;
				ENABLE_STRICT_OBJC_MSGSEND = YES;
				ENABLE_TESTABILITY = YES;
				GCC_C_LANGUAGE_STANDARD = gnu99;
				GCC_DYNAMIC_NO_PIC = NO;
				GCC_NO_COMMON_BLOCKS = YES;
				GCC_OPTIMIZATION_LEVEL = 0;
				GCC_PREPROCESSOR_DEFINITIONS = (
					"DEBUG=1",
					"$(inherited)",
				);
				GCC_WARN_64_TO_32_BIT_CONVERSION = YES;
				GCC_WARN_ABOUT_RETURN_TYPE = YES_ERROR;
				GCC_WARN_UNDECLARED_SELECTOR = YES;
				GCC_WARN_UNINITIALIZED_AUTOS = YES_AGGRESSIVE;
				GCC_WARN_UNUSED_FUNCTION = YES;
				GCC_WARN_UNUSED_VARIABLE = YES;
				IPHONEOS_DEPLOYMENT_TARGET = 9.0;
				MTL_ENABLE_DEBUG_INFO = YES;
				ONLY_ACTIVE_ARCH = YES;
				SDKROOT = iphoneos;
				SWIFT_OPTIMIZATION_LEVEL = "-Onone";
			};
			name = Debug;
		};
		6609819B1B608A1B0052CDB3 /* Release */ = {
			isa = XCBuildConfiguration;
			buildSettings = {
				ALWAYS_SEARCH_USER_PATHS = NO;
				CLANG_CXX_LANGUAGE_STANDARD = "gnu++0x";
				CLANG_CXX_LIBRARY = "libc++";
				CLANG_ENABLE_MODULES = YES;
				CLANG_ENABLE_OBJC_ARC = YES;
				CLANG_WARN_BOOL_CONVERSION = YES;
				CLANG_WARN_CONSTANT_CONVERSION = YES;
				CLANG_WARN_DIRECT_OBJC_ISA_USAGE = YES_ERROR;
				CLANG_WARN_EMPTY_BODY = YES;
				CLANG_WARN_ENUM_CONVERSION = YES;
				CLANG_WARN_INT_CONVERSION = YES;
				CLANG_WARN_OBJC_ROOT_CLASS = YES_ERROR;
				CLANG_WARN_UNREACHABLE_CODE = YES;
				CLANG_WARN__DUPLICATE_METHOD_MATCH = YES;
				"CODE_SIGN_IDENTITY[sdk=iphoneos*]" = "iPhone Developer";
				COPY_PHASE_STRIP = NO;
				DEBUG_INFORMATION_FORMAT = "dwarf-with-dsym";
				ENABLE_NS_ASSERTIONS = NO;
				ENABLE_STRICT_OBJC_MSGSEND = YES;
				GCC_C_LANGUAGE_STANDARD = gnu99;
				GCC_NO_COMMON_BLOCKS = YES;
				GCC_WARN_64_TO_32_BIT_CONVERSION = YES;
				GCC_WARN_ABOUT_RETURN_TYPE = YES_ERROR;
				GCC_WARN_UNDECLARED_SELECTOR = YES;
				GCC_WARN_UNINITIALIZED_AUTOS = YES_AGGRESSIVE;
				GCC_WARN_UNUSED_FUNCTION = YES;
				GCC_WARN_UNUSED_VARIABLE = YES;
				IPHONEOS_DEPLOYMENT_TARGET = 9.0;
				MTL_ENABLE_DEBUG_INFO = NO;
				SDKROOT = iphoneos;
				VALIDATE_PRODUCT = YES;
			};
			name = Release;
		};
		6609819D1B608A1B0052CDB3 /* Debug */ = {
			isa = XCBuildConfiguration;
			buildSettings = {
				ASSETCATALOG_COMPILER_APPICON_NAME = AppIcon;
				INFOPLIST_FILE = "Flappy Bird/Info.plist";
				LD_RUNPATH_SEARCH_PATHS = "$(inherited) @executable_path/Frameworks";
				PRODUCT_BUNDLE_IDENTIFIER = "shaoweizhang.com.Flappy-Bird";
				PRODUCT_NAME = "$(TARGET_NAME)";
			};
			name = Debug;
		};
		6609819E1B608A1B0052CDB3 /* Release */ = {
			isa = XCBuildConfiguration;
			buildSettings = {
				ASSETCATALOG_COMPILER_APPICON_NAME = AppIcon;
				INFOPLIST_FILE = "Flappy Bird/Info.plist";
				LD_RUNPATH_SEARCH_PATHS = "$(inherited) @executable_path/Frameworks";
				PRODUCT_BUNDLE_IDENTIFIER = "shaoweizhang.com.Flappy-Bird";
				PRODUCT_NAME = "$(TARGET_NAME)";
			};
			name = Release;
		};
		660981A01B608A1B0052CDB3 /* Debug */ = {
			isa = XCBuildConfiguration;
			buildSettings = {
				BUNDLE_LOADER = "$(TEST_HOST)";
				INFOPLIST_FILE = "Flappy BirdTests/Info.plist";
				LD_RUNPATH_SEARCH_PATHS = "$(inherited) @executable_path/Frameworks @loader_path/Frameworks";
				PRODUCT_BUNDLE_IDENTIFIER = "shaoweizhang.com.Flappy-BirdTests";
				PRODUCT_NAME = "$(TARGET_NAME)";
				TEST_HOST = "$(BUILT_PRODUCTS_DIR)/Flappy Bird.app/Flappy Bird";
			};
			name = Debug;
		};
		660981A11B608A1B0052CDB3 /* Release */ = {
			isa = XCBuildConfiguration;
			buildSettings = {
				BUNDLE_LOADER = "$(TEST_HOST)";
				INFOPLIST_FILE = "Flappy BirdTests/Info.plist";
				LD_RUNPATH_SEARCH_PATHS = "$(inherited) @executable_path/Frameworks @loader_path/Frameworks";
				PRODUCT_BUNDLE_IDENTIFIER = "shaoweizhang.com.Flappy-BirdTests";
				PRODUCT_NAME = "$(TARGET_NAME)";
				TEST_HOST = "$(BUILT_PRODUCTS_DIR)/Flappy Bird.app/Flappy Bird";
			};
			name = Release;
		};
		660981A31B608A1B0052CDB3 /* Debug */ = {
			isa = XCBuildConfiguration;
			buildSettings = {
				INFOPLIST_FILE = "Flappy BirdUITests/Info.plist";
				LD_RUNPATH_SEARCH_PATHS = "$(inherited) @executable_path/Frameworks @loader_path/Frameworks";
				PRODUCT_BUNDLE_IDENTIFIER = "shaoweizhang.com.Flappy-BirdUITests";
				PRODUCT_NAME = "$(TARGET_NAME)";
				TEST_TARGET_NAME = "Flappy Bird";
				USES_XCTRUNNER = YES;
			};
			name = Debug;
		};
		660981A41B608A1B0052CDB3 /* Release */ = {
			isa = XCBuildConfiguration;
			buildSettings = {
				INFOPLIST_FILE = "Flappy BirdUITests/Info.plist";
				LD_RUNPATH_SEARCH_PATHS = "$(inherited) @executable_path/Frameworks @loader_path/Frameworks";
				PRODUCT_BUNDLE_IDENTIFIER = "shaoweizhang.com.Flappy-BirdUITests";
				PRODUCT_NAME = "$(TARGET_NAME)";
				TEST_TARGET_NAME = "Flappy Bird";
				USES_XCTRUNNER = YES;
			};
			name = Release;
		};
/* End XCBuildConfiguration section */

/* Begin XCConfigurationList section */
		6609816B1B608A1A0052CDB3 /* Build configuration list for PBXProject "Flappy Bird" */ = {
			isa = XCConfigurationList;
			buildConfigurations = (
				6609819A1B608A1B0052CDB3 /* Debug */,
				6609819B1B608A1B0052CDB3 /* Release */,
			);
			defaultConfigurationIsVisible = 0;
			defaultConfigurationName = Release;
		};
		6609819C1B608A1B0052CDB3 /* Build configuration list for PBXNativeTarget "Flappy Bird" */ = {
			isa = XCConfigurationList;
			buildConfigurations = (
				6609819D1B608A1B0052CDB3 /* Debug */,
				6609819E1B608A1B0052CDB3 /* Release */,
			);
			defaultConfigurationIsVisible = 0;
			defaultConfigurationName = Release;
		};
		6609819F1B608A1B0052CDB3 /* Build configuration list for PBXNativeTarget "Flappy BirdTests" */ = {
			isa = XCConfigurationList;
			buildConfigurations = (
				660981A01B608A1B0052CDB3 /* Debug */,
				660981A11B608A1B0052CDB3 /* Release */,
			);
			defaultConfigurationIsVisible = 0;
			defaultConfigurationName = Release;
		};
		660981A21B608A1B0052CDB3 /* Build configuration list for PBXNativeTarget "Flappy BirdUITests" */ = {
			isa = XCConfigurationList;
			buildConfigurations = (
				660981A31B608A1B0052CDB3 /* Debug */,
				660981A41B608A1B0052CDB3 /* Release */,
			);
			defaultConfigurationIsVisible = 0;
			defaultConfigurationName = Release;
		};
/* End XCConfigurationList section */
	};
	rootObject = 660981681B608A1A0052CDB3 /* Project object */;
}
